// !$*UTF8*$!
{
	archiveVersion = 1;
	classes = {
	};
	objectVersion = 77;
	objects = {

/* Begin PBXContainerItemProxy section */
		10EF0B8A2E0D4EC700378857 /* PBXContainerItemProxy */ = {
			isa = PBXContainerItemProxy;
			containerPortal = 10EF0B742E0D4EC600378857 /* Project object */;
			proxyType = 1;
			remoteGlobalIDString = 10EF0B7B2E0D4EC600378857;
			remoteInfo = shareify;
		};
		10EF0B942E0D4EC700378857 /* PBXContainerItemProxy */ = {
			isa = PBXContainerItemProxy;
			containerPortal = 10EF0B742E0D4EC600378857 /* Project object */;
			proxyType = 1;
			remoteGlobalIDString = 10EF0B7B2E0D4EC600378857;
			remoteInfo = shareify;
		};
/* End PBXContainerItemProxy section */

/* Begin PBXFileReference section */
		10EF0B7C2E0D4EC600378857 /* shareify.app */ = {isa = PBXFileReference; explicitFileType = wrapper.application; includeInIndex = 0; path = shareify.app; sourceTree = BUILT_PRODUCTS_DIR; };
		10EF0B892E0D4EC700378857 /* shareifyTests.xctest */ = {isa = PBXFileReference; explicitFileType = wrapper.cfbundle; includeInIndex = 0; path = shareifyTests.xctest; sourceTree = BUILT_PRODUCTS_DIR; };
		10EF0B932E0D4EC700378857 /* shareifyUITests.xctest */ = {isa = PBXFileReference; explicitFileType = wrapper.cfbundle; includeInIndex = 0; path = shareifyUITests.xctest; sourceTree = BUILT_PRODUCTS_DIR; };
/* End PBXFileReference section */

/* Begin PBXFileSystemSynchronizedRootGroup section */
		10EF0B7E2E0D4EC600378857 /* shareify */ = {
			isa = PBXFileSystemSynchronizedRootGroup;
			path = shareify;
			sourceTree = "<group>";
		};
		10EF0B8C2E0D4EC700378857 /* shareifyTests */ = {
			isa = PBXFileSystemSynchronizedRootGroup;
			path = shareifyTests;
			sourceTree = "<group>";
		};
		10EF0B962E0D4EC700378857 /* shareifyUITests */ = {
			isa = PBXFileSystemSynchronizedRootGroup;
			path = shareifyUITests;
			sourceTree = "<group>";
		};
/* End PBXFileSystemSynchronizedRootGroup section */

/* Begin PBXFrameworksBuildPhase section */
		10EF0B792E0D4EC600378857 /* Frameworks */ = {
			isa = PBXFrameworksBuildPhase;
			buildActionMask = 2147483647;
			files = (
			);
			runOnlyForDeploymentPostprocessing = 0;
		};
		10EF0B862E0D4EC700378857 /* Frameworks */ = {
			isa = PBXFrameworksBuildPhase;
			buildActionMask = 2147483647;
			files = (
			);
			runOnlyForDeploymentPostprocessing = 0;
		};
		10EF0B902E0D4EC700378857 /* Frameworks */ = {
			isa = PBXFrameworksBuildPhase;
			buildActionMask = 2147483647;
			files = (
			);
			runOnlyForDeploymentPostprocessing = 0;
		};
/* End PBXFrameworksBuildPhase section */

/* Begin PBXGroup section */
		10EF0B732E0D4EC600378857 = {
			isa = PBXGroup;
			children = (
				10EF0B7E2E0D4EC600378857 /* shareify */,
				10EF0B8C2E0D4EC700378857 /* shareifyTests */,
				10EF0B962E0D4EC700378857 /* shareifyUITests */,
				10EF0B7D2E0D4EC600378857 /* Products */,
			);
			sourceTree = "<group>";
		};
		10EF0B7D2E0D4EC600378857 /* Products */ = {
			isa = PBXGroup;
			children = (
				10EF0B7C2E0D4EC600378857 /* shareify.app */,
				10EF0B892E0D4EC700378857 /* shareifyTests.xctest */,
				10EF0B932E0D4EC700378857 /* shareifyUITests.xctest */,
			);
			name = Products;
			sourceTree = "<group>";
		};
/* End PBXGroup section */

/* Begin PBXNativeTarget section */
		10EF0B7B2E0D4EC600378857 /* shareify */ = {
			isa = PBXNativeTarget;
			buildConfigurationList = 10EF0B9D2E0D4EC700378857 /* Build configuration list for PBXNativeTarget "shareify" */;
			buildPhases = (
				10EF0B782E0D4EC600378857 /* Sources */,
				10EF0B792E0D4EC600378857 /* Frameworks */,
				10EF0B7A2E0D4EC600378857 /* Resources */,
			);
			buildRules = (
			);
			dependencies = (
			);
			fileSystemSynchronizedGroups = (
				10EF0B7E2E0D4EC600378857 /* shareify */,
			);
			name = shareify;
			packageProductDependencies = (
			);
			productName = shareify;
			productReference = 10EF0B7C2E0D4EC600378857 /* shareify.app */;
			productType = "com.apple.product-type.application";
		};
		10EF0B882E0D4EC700378857 /* shareifyTests */ = {
			isa = PBXNativeTarget;
			buildConfigurationList = 10EF0BA02E0D4EC700378857 /* Build configuration list for PBXNativeTarget "shareifyTests" */;
			buildPhases = (
				10EF0B852E0D4EC700378857 /* Sources */,
				10EF0B862E0D4EC700378857 /* Frameworks */,
				10EF0B872E0D4EC700378857 /* Resources */,
			);
			buildRules = (
			);
			dependencies = (
				10EF0B8B2E0D4EC700378857 /* PBXTargetDependency */,
			);
			fileSystemSynchronizedGroups = (
				10EF0B8C2E0D4EC700378857 /* shareifyTests */,
			);
			name = shareifyTests;
			packageProductDependencies = (
			);
			productName = shareifyTests;
			productReference = 10EF0B892E0D4EC700378857 /* shareifyTests.xctest */;
			productType = "com.apple.product-type.bundle.unit-test";
		};
		10EF0B922E0D4EC700378857 /* shareifyUITests */ = {
			isa = PBXNativeTarget;
			buildConfigurationList = 10EF0BA32E0D4EC700378857 /* Build configuration list for PBXNativeTarget "shareifyUITests" */;
			buildPhases = (
				10EF0B8F2E0D4EC700378857 /* Sources */,
				10EF0B902E0D4EC700378857 /* Frameworks */,
				10EF0B912E0D4EC700378857 /* Resources */,
			);
			buildRules = (
			);
			dependencies = (
				10EF0B952E0D4EC700378857 /* PBXTargetDependency */,
			);
			fileSystemSynchronizedGroups = (
				10EF0B962E0D4EC700378857 /* shareifyUITests */,
			);
			name = shareifyUITests;
			packageProductDependencies = (
			);
			productName = shareifyUITests;
			productReference = 10EF0B932E0D4EC700378857 /* shareifyUITests.xctest */;
			productType = "com.apple.product-type.bundle.ui-testing";
		};
/* End PBXNativeTarget section */

/* Begin PBXProject section */
		10EF0B742E0D4EC600378857 /* Project object */ = {
			isa = PBXProject;
			attributes = {
				BuildIndependentTargetsInParallel = 1;
				LastSwiftUpdateCheck = 1640;
				LastUpgradeCheck = 1640;
				TargetAttributes = {
					10EF0B7B2E0D4EC600378857 = {
						CreatedOnToolsVersion = 16.4;
					};
					10EF0B882E0D4EC700378857 = {
						CreatedOnToolsVersion = 16.4;
						TestTargetID = 10EF0B7B2E0D4EC600378857;
					};
					10EF0B922E0D4EC700378857 = {
						CreatedOnToolsVersion = 16.4;
						TestTargetID = 10EF0B7B2E0D4EC600378857;
					};
				};
			};
			buildConfigurationList = 10EF0B772E0D4EC600378857 /* Build configuration list for PBXProject "shareify" */;
			developmentRegion = en;
			hasScannedForEncodings = 0;
			knownRegions = (
				en,
				Base,
			);
			mainGroup = 10EF0B732E0D4EC600378857;
			minimizedProjectReferenceProxies = 1;
			preferredProjectObjectVersion = 77;
			productRefGroup = 10EF0B7D2E0D4EC600378857 /* Products */;
			projectDirPath = "";
			projectRoot = "";
			targets = (
				10EF0B7B2E0D4EC600378857 /* shareify */,
				10EF0B882E0D4EC700378857 /* shareifyTests */,
				10EF0B922E0D4EC700378857 /* shareifyUITests */,
			);
		};
/* End PBXProject section */

/* Begin PBXResourcesBuildPhase section */
		10EF0B7A2E0D4EC600378857 /* Resources */ = {
			isa = PBXResourcesBuildPhase;
			buildActionMask = 2147483647;
			files = (
			);
			runOnlyForDeploymentPostprocessing = 0;
		};
		10EF0B872E0D4EC700378857 /* Resources */ = {
			isa = PBXResourcesBuildPhase;
			buildActionMask = 2147483647;
			files = (
			);
			runOnlyForDeploymentPostprocessing = 0;
		};
		10EF0B912E0D4EC700378857 /* Resources */ = {
			isa = PBXResourcesBuildPhase;
			buildActionMask = 2147483647;
			files = (
			);
			runOnlyForDeploymentPostprocessing = 0;
		};
/* End PBXResourcesBuildPhase section */

/* Begin PBXSourcesBuildPhase section */
		10EF0B782E0D4EC600378857 /* Sources */ = {
			isa = PBXSourcesBuildPhase;
			buildActionMask = 2147483647;
			files = (
			);
			runOnlyForDeploymentPostprocessing = 0;
		};
		10EF0B852E0D4EC700378857 /* Sources */ = {
			isa = PBXSourcesBuildPhase;
			buildActionMask = 2147483647;
			files = (
			);
			runOnlyForDeploymentPostprocessing = 0;
		};
		10EF0B8F2E0D4EC700378857 /* Sources */ = {
			isa = PBXSourcesBuildPhase;
			buildActionMask = 2147483647;
			files = (
			);
			runOnlyForDeploymentPostprocessing = 0;
		};
/* End PBXSourcesBuildPhase section */

/* Begin PBXTargetDependency section */
		10EF0B8B2E0D4EC700378857 /* PBXTargetDependency */ = {
			isa = PBXTargetDependency;
			target = 10EF0B7B2E0D4EC600378857 /* shareify */;
			targetProxy = 10EF0B8A2E0D4EC700378857 /* PBXContainerItemProxy */;
		};
		10EF0B952E0D4EC700378857 /* PBXTargetDependency */ = {
			isa = PBXTargetDependency;
			target = 10EF0B7B2E0D4EC600378857 /* shareify */;
			targetProxy = 10EF0B942E0D4EC700378857 /* PBXContainerItemProxy */;
		};
/* End PBXTargetDependency section */

/* Begin XCBuildConfiguration section */
		10EF0B9B2E0D4EC700378857 /* Debug */ = {
			isa = XCBuildConfiguration;
			buildSettings = {
				ALWAYS_SEARCH_USER_PATHS = NO;
				ASSETCATALOG_COMPILER_GENERATE_SWIFT_ASSET_SYMBOL_EXTENSIONS = YES;
				CLANG_ANALYZER_NONNULL = YES;
				CLANG_ANALYZER_NUMBER_OBJECT_CONVERSION = YES_AGGRESSIVE;
				CLANG_CXX_LANGUAGE_STANDARD = "gnu++20";
				CLANG_ENABLE_MODULES = YES;
				CLANG_ENABLE_OBJC_ARC = YES;
				CLANG_ENABLE_OBJC_WEAK = YES;
				CLANG_WARN_BLOCK_CAPTURE_AUTORELEASING = YES;
				CLANG_WARN_BOOL_CONVERSION = YES;
				CLANG_WARN_COMMA = YES;
				CLANG_WARN_CONSTANT_CONVERSION = YES;
				CLANG_WARN_DEPRECATED_OBJC_IMPLEMENTATIONS = YES;
				CLANG_WARN_DIRECT_OBJC_ISA_USAGE = YES_ERROR;
				CLANG_WARN_DOCUMENTATION_COMMENTS = YES;
				CLANG_WARN_EMPTY_BODY = YES;
				CLANG_WARN_ENUM_CONVERSION = YES;
				CLANG_WARN_INFINITE_RECURSION = YES;
				CLANG_WARN_INT_CONVERSION = YES;
				CLANG_WARN_NON_LITERAL_NULL_CONVERSION = YES;
				CLANG_WARN_OBJC_IMPLICIT_RETAIN_SELF = YES;
				CLANG_WARN_OBJC_LITERAL_CONVERSION = YES;
				CLANG_WARN_OBJC_ROOT_CLASS = YES_ERROR;
				CLANG_WARN_QUOTED_INCLUDE_IN_FRAMEWORK_HEADER = YES;
				CLANG_WARN_RANGE_LOOP_ANALYSIS = YES;
				CLANG_WARN_STRICT_PROTOTYPES = YES;
				CLANG_WARN_SUSPICIOUS_MOVE = YES;
				CLANG_WARN_UNGUARDED_AVAILABILITY = YES_AGGRESSIVE;
				CLANG_WARN_UNREACHABLE_CODE = YES;
				CLANG_WARN__DUPLICATE_METHOD_MATCH = YES;
				COPY_PHASE_STRIP = NO;
				DEBUG_INFORMATION_FORMAT = dwarf;
				DEVELOPMENT_TEAM = 75C4CLMG98;
				ENABLE_STRICT_OBJC_MSGSEND = YES;
				ENABLE_TESTABILITY = YES;
				ENABLE_USER_SCRIPT_SANDBOXING = YES;
				GCC_C_LANGUAGE_STANDARD = gnu17;
				GCC_DYNAMIC_NO_PIC = NO;
				GCC_NO_COMMON_BLOCKS = YES;
				GCC_OPTIMIZATION_LEVEL = 0;
				GCC_PREPROCESSOR_DEFINITIONS = (
					"DEBUG=1",
					"$(inherited)",
				);
				GCC_WARN_64_TO_32_BIT_CONVERSION = YES;
				GCC_WARN_ABOUT_RETURN_TYPE = YES_ERROR;
				GCC_WARN_UNDECLARED_SELECTOR = YES;
				GCC_WARN_UNINITIALIZED_AUTOS = YES_AGGRESSIVE;
				GCC_WARN_UNUSED_FUNCTION = YES;
				GCC_WARN_UNUSED_VARIABLE = YES;
				IPHONEOS_DEPLOYMENT_TARGET = 18.5;
				LOCALIZATION_PREFERS_STRING_CATALOGS = YES;
				MTL_ENABLE_DEBUG_INFO = INCLUDE_SOURCE;
				MTL_FAST_MATH = YES;
				ONLY_ACTIVE_ARCH = YES;
				SDKROOT = iphoneos;
				SWIFT_ACTIVE_COMPILATION_CONDITIONS = "DEBUG $(inherited)";
				SWIFT_OPTIMIZATION_LEVEL = "-Onone";
			};
			name = Debug;
		};
		10EF0B9C2E0D4EC700378857 /* Release */ = {
			isa = XCBuildConfiguration;
			buildSettings = {
				ALWAYS_SEARCH_USER_PATHS = NO;
				ASSETCATALOG_COMPILER_GENERATE_SWIFT_ASSET_SYMBOL_EXTENSIONS = YES;
				CLANG_ANALYZER_NONNULL = YES;
				CLANG_ANALYZER_NUMBER_OBJECT_CONVERSION = YES_AGGRESSIVE;
				CLANG_CXX_LANGUAGE_STANDARD = "gnu++20";
				CLANG_ENABLE_MODULES = YES;
				CLANG_ENABLE_OBJC_ARC = YES;
				CLANG_ENABLE_OBJC_WEAK = YES;
				CLANG_WARN_BLOCK_CAPTURE_AUTORELEASING = YES;
				CLANG_WARN_BOOL_CONVERSION = YES;
				CLANG_WARN_COMMA = YES;
				CLANG_WARN_CONSTANT_CONVERSION = YES;
				CLANG_WARN_DEPRECATED_OBJC_IMPLEMENTATIONS = YES;
				CLANG_WARN_DIRECT_OBJC_ISA_USAGE = YES_ERROR;
				CLANG_WARN_DOCUMENTATION_COMMENTS = YES;
				CLANG_WARN_EMPTY_BODY = YES;
				CLANG_WARN_ENUM_CONVERSION = YES;
				CLANG_WARN_INFINITE_RECURSION = YES;
				CLANG_WARN_INT_CONVERSION = YES;
				CLANG_WARN_NON_LITERAL_NULL_CONVERSION = YES;
				CLANG_WARN_OBJC_IMPLICIT_RETAIN_SELF = YES;
				CLANG_WARN_OBJC_LITERAL_CONVERSION = YES;
				CLANG_WARN_OBJC_ROOT_CLASS = YES_ERROR;
				CLANG_WARN_QUOTED_INCLUDE_IN_FRAMEWORK_HEADER = YES;
				CLANG_WARN_RANGE_LOOP_ANALYSIS = YES;
				CLANG_WARN_STRICT_PROTOTYPES = YES;
				CLANG_WARN_SUSPICIOUS_MOVE = YES;
				CLANG_WARN_UNGUARDED_AVAILABILITY = YES_AGGRESSIVE;
				CLANG_WARN_UNREACHABLE_CODE = YES;
				CLANG_WARN__DUPLICATE_METHOD_MATCH = YES;
				COPY_PHASE_STRIP = NO;
				DEBUG_INFORMATION_FORMAT = "dwarf-with-dsym";
				DEVELOPMENT_TEAM = 75C4CLMG98;
				ENABLE_NS_ASSERTIONS = NO;
				ENABLE_STRICT_OBJC_MSGSEND = YES;
				ENABLE_USER_SCRIPT_SANDBOXING = YES;
				GCC_C_LANGUAGE_STANDARD = gnu17;
				GCC_NO_COMMON_BLOCKS = YES;
				GCC_WARN_64_TO_32_BIT_CONVERSION = YES;
				GCC_WARN_ABOUT_RETURN_TYPE = YES_ERROR;
				GCC_WARN_UNDECLARED_SELECTOR = YES;
				GCC_WARN_UNINITIALIZED_AUTOS = YES_AGGRESSIVE;
				GCC_WARN_UNUSED_FUNCTION = YES;
				GCC_WARN_UNUSED_VARIABLE = YES;
				IPHONEOS_DEPLOYMENT_TARGET = 18.5;
				LOCALIZATION_PREFERS_STRING_CATALOGS = YES;
				MTL_ENABLE_DEBUG_INFO = NO;
				MTL_FAST_MATH = YES;
				SDKROOT = iphoneos;
				SWIFT_COMPILATION_MODE = wholemodule;
				VALIDATE_PRODUCT = YES;
			};
			name = Release;
		};
		10EF0B9E2E0D4EC700378857 /* Debug */ = {
			isa = XCBuildConfiguration;
			buildSettings = {
				ASSETCATALOG_COMPILER_APPICON_NAME = AppIcon;
				ASSETCATALOG_COMPILER_GLOBAL_ACCENT_COLOR_NAME = AccentColor;
				CODE_SIGN_STYLE = Automatic;
				CURRENT_PROJECT_VERSION = 1;
				DEVELOPMENT_TEAM = 75C4CLMG98;
				ENABLE_PREVIEWS = YES;
				GENERATE_INFOPLIST_FILE = YES;
				INFOPLIST_KEY_UIApplicationSceneManifest_Generation = YES;
				INFOPLIST_KEY_UIApplicationSupportsIndirectInputEvents = YES;
				INFOPLIST_KEY_UILaunchScreen_Generation = YES;
				INFOPLIST_KEY_UISupportedInterfaceOrientations_iPad = "UIInterfaceOrientationPortrait UIInterfaceOrientationPortraitUpsideDown UIInterfaceOrientationLandscapeLeft UIInterfaceOrientationLandscapeRight";
				INFOPLIST_KEY_UISupportedInterfaceOrientations_iPhone = "UIInterfaceOrientationPortrait UIInterfaceOrientationLandscapeLeft UIInterfaceOrientationLandscapeRight";
				LD_RUNPATH_SEARCH_PATHS = (
					"$(inherited)",
					"@executable_path/Frameworks",
				);
				MARKETING_VERSION = 1.0;
				PRODUCT_BUNDLE_IDENTIFIER = dev.masterbros.shareify;
				PRODUCT_NAME = "$(TARGET_NAME)";
				SWIFT_EMIT_LOC_STRINGS = YES;
				SWIFT_VERSION = 5.0;
				TARGETED_DEVICE_FAMILY = "1,2";
			};
			name = Debug;
		};
		10EF0B9F2E0D4EC700378857 /* Release */ = {
			isa = XCBuildConfiguration;
			buildSettings = {
				ASSETCATALOG_COMPILER_APPICON_NAME = AppIcon;
				ASSETCATALOG_COMPILER_GLOBAL_ACCENT_COLOR_NAME = AccentColor;
				CODE_SIGN_STYLE = Automatic;
				CURRENT_PROJECT_VERSION = 1;
				DEVELOPMENT_TEAM = 75C4CLMG98;
				ENABLE_PREVIEWS = YES;
				GENERATE_INFOPLIST_FILE = YES;
				INFOPLIST_KEY_UIApplicationSceneManifest_Generation = YES;
				INFOPLIST_KEY_UIApplicationSupportsIndirectInputEvents = YES;
				INFOPLIST_KEY_UILaunchScreen_Generation = YES;
				INFOPLIST_KEY_UISupportedInterfaceOrientations_iPad = "UIInterfaceOrientationPortrait UIInterfaceOrientationPortraitUpsideDown UIInterfaceOrientationLandscapeLeft UIInterfaceOrientationLandscapeRight";
				INFOPLIST_KEY_UISupportedInterfaceOrientations_iPhone = "UIInterfaceOrientationPortrait UIInterfaceOrientationLandscapeLeft UIInterfaceOrientationLandscapeRight";
				LD_RUNPATH_SEARCH_PATHS = (
					"$(inherited)",
					"@executable_path/Frameworks",
				);
				MARKETING_VERSION = 1.0;
				PRODUCT_BUNDLE_IDENTIFIER = dev.masterbros.shareify;
				PRODUCT_NAME = "$(TARGET_NAME)";
				SWIFT_EMIT_LOC_STRINGS = YES;
				SWIFT_VERSION = 5.0;
				TARGETED_DEVICE_FAMILY = "1,2";
			};
			name = Release;
		};
		10EF0BA12E0D4EC700378857 /* Debug */ = {
			isa = XCBuildConfiguration;
			buildSettings = {
				BUNDLE_LOADER = "$(TEST_HOST)";
				CODE_SIGN_STYLE = Automatic;
				CURRENT_PROJECT_VERSION = 1;
				DEVELOPMENT_TEAM = 75C4CLMG98;
				GENERATE_INFOPLIST_FILE = YES;
				IPHONEOS_DEPLOYMENT_TARGET = 18.5;
				MARKETING_VERSION = 1.0;
				PRODUCT_BUNDLE_IDENTIFIER = dev.masterbros.shareifyTests;
				PRODUCT_NAME = "$(TARGET_NAME)";
				SWIFT_EMIT_LOC_STRINGS = NO;
				SWIFT_VERSION = 5.0;
				TARGETED_DEVICE_FAMILY = "1,2";
				TEST_HOST = "$(BUILT_PRODUCTS_DIR)/shareify.app/$(BUNDLE_EXECUTABLE_FOLDER_PATH)/shareify";
			};
			name = Debug;
		};
		10EF0BA22E0D4EC700378857 /* Release */ = {
			isa = XCBuildConfiguration;
			buildSettings = {
				BUNDLE_LOADER = "$(TEST_HOST)";
				CODE_SIGN_STYLE = Automatic;
				CURRENT_PROJECT_VERSION = 1;
				DEVELOPMENT_TEAM = 75C4CLMG98;
				GENERATE_INFOPLIST_FILE = YES;
				IPHONEOS_DEPLOYMENT_TARGET = 18.5;
				MARKETING_VERSION = 1.0;
				PRODUCT_BUNDLE_IDENTIFIER = dev.masterbros.shareifyTests;
				PRODUCT_NAME = "$(TARGET_NAME)";
				SWIFT_EMIT_LOC_STRINGS = NO;
				SWIFT_VERSION = 5.0;
				TARGETED_DEVICE_FAMILY = "1,2";
				TEST_HOST = "$(BUILT_PRODUCTS_DIR)/shareify.app/$(BUNDLE_EXECUTABLE_FOLDER_PATH)/shareify";
			};
			name = Release;
		};
		10EF0BA42E0D4EC700378857 /* Debug */ = {
			isa = XCBuildConfiguration;
			buildSettings = {
				CODE_SIGN_STYLE = Automatic;
				CURRENT_PROJECT_VERSION = 1;
				DEVELOPMENT_TEAM = 75C4CLMG98;
				GENERATE_INFOPLIST_FILE = YES;
				MARKETING_VERSION = 1.0;
				PRODUCT_BUNDLE_IDENTIFIER = dev.masterbros.shareifyUITests;
				PRODUCT_NAME = "$(TARGET_NAME)";
				SWIFT_EMIT_LOC_STRINGS = NO;
				SWIFT_VERSION = 5.0;
				TARGETED_DEVICE_FAMILY = "1,2";
				TEST_TARGET_NAME = shareify;
			};
			name = Debug;
		};
		10EF0BA52E0D4EC700378857 /* Release */ = {
			isa = XCBuildConfiguration;
			buildSettings = {
				CODE_SIGN_STYLE = Automatic;
				CURRENT_PROJECT_VERSION = 1;
				DEVELOPMENT_TEAM = 75C4CLMG98;
				GENERATE_INFOPLIST_FILE = YES;
				MARKETING_VERSION = 1.0;
				PRODUCT_BUNDLE_IDENTIFIER = dev.masterbros.shareifyUITests;
				PRODUCT_NAME = "$(TARGET_NAME)";
				SWIFT_EMIT_LOC_STRINGS = NO;
				SWIFT_VERSION = 5.0;
				TARGETED_DEVICE_FAMILY = "1,2";
				TEST_TARGET_NAME = shareify;
			};
			name = Release;
		};
/* End XCBuildConfiguration section */

/* Begin XCConfigurationList section */
		10EF0B772E0D4EC600378857 /* Build configuration list for PBXProject "shareify" */ = {
			isa = XCConfigurationList;
			buildConfigurations = (
				10EF0B9B2E0D4EC700378857 /* Debug */,
				10EF0B9C2E0D4EC700378857 /* Release */,
			);
			defaultConfigurationIsVisible = 0;
			defaultConfigurationName = Release;
		};
		10EF0B9D2E0D4EC700378857 /* Build configuration list for PBXNativeTarget "shareify" */ = {
			isa = XCConfigurationList;
			buildConfigurations = (
				10EF0B9E2E0D4EC700378857 /* Debug */,
				10EF0B9F2E0D4EC700378857 /* Release */,
			);
			defaultConfigurationIsVisible = 0;
			defaultConfigurationName = Release;
		};
		10EF0BA02E0D4EC700378857 /* Build configuration list for PBXNativeTarget "shareifyTests" */ = {
			isa = XCConfigurationList;
			buildConfigurations = (
				10EF0BA12E0D4EC700378857 /* Debug */,
				10EF0BA22E0D4EC700378857 /* Release */,
			);
			defaultConfigurationIsVisible = 0;
			defaultConfigurationName = Release;
		};
		10EF0BA32E0D4EC700378857 /* Build configuration list for PBXNativeTarget "shareifyUITests" */ = {
			isa = XCConfigurationList;
			buildConfigurations = (
				10EF0BA42E0D4EC700378857 /* Debug */,
				10EF0BA52E0D4EC700378857 /* Release */,
			);
			defaultConfigurationIsVisible = 0;
			defaultConfigurationName = Release;
		};
/* End XCConfigurationList section */
	};
	rootObject = 10EF0B742E0D4EC600378857 /* Project object */;
}
